// !$*UTF8*$!
{
	archiveVersion = 1;
	classes = {
	};
	objectVersion = 46;
	objects = {

/* Begin PBXBuildFile section */
		A4AB2C3C1ADEA1AD00AE3079 /* main.m in Sources */ = {isa = PBXBuildFile; fileRef = A4AB2C3B1ADEA1AD00AE3079 /* main.m */; };
		A4AB2C441ADEA1DA00AE3079 /* HelloWorld.m in Sources */ = {isa = PBXBuildFile; fileRef = A4AB2C431ADEA1DA00AE3079 /* HelloWorld.m */; };
/* End PBXBuildFile section */

/* Begin PBXCopyFilesBuildPhase section */
		A4AB2C361ADEA1AD00AE3079 /* CopyFiles */ = {
			isa = PBXCopyFilesBuildPhase;
			buildActionMask = 2147483647;
			dstPath = /usr/share/man/man1/;
			dstSubfolderSpec = 0;
			files = (
			);
			runOnlyForDeploymentPostprocessing = 1;
		};
/* End PBXCopyFilesBuildPhase section */

/* Begin PBXFileReference section */
		A4AB2C381ADEA1AD00AE3079 /* HelloWorldDemo */ = {isa = PBXFileReference; explicitFileType = "compiled.mach-o.executable"; includeInIndex = 0; path = HelloWorldDemo; sourceTree = BUILT_PRODUCTS_DIR; };
		A4AB2C3B1ADEA1AD00AE3079 /* main.m */ = {isa = PBXFileReference; lastKnownFileType = sourcecode.c.objc; path = main.m; sourceTree = "<group>"; };
		A4AB2C421ADEA1DA00AE3079 /* HelloWorld.h */ = {isa = PBXFileReference; fileEncoding = 4; lastKnownFileType = sourcecode.c.h; path = HelloWorld.h; sourceTree = "<group>"; };
		A4AB2C431ADEA1DA00AE3079 /* HelloWorld.m */ = {isa = PBXFileReference; fileEncoding = 4; lastKnownFileType = sourcecode.c.objc; path = HelloWorld.m; sourceTree = "<group>"; };
/* End PBXFileReference section */

/* Begin PBXFrameworksBuildPhase section */
		A4AB2C351ADEA1AD00AE3079 /* Frameworks */ = {
			isa = PBXFrameworksBuildPhase;
			buildActionMask = 2147483647;
			files = (
			);
			runOnlyForDeploymentPostprocessing = 0;
		};
/* End PBXFrameworksBuildPhase section */

/* Begin PBXGroup section */
		A4AB2C2F1ADEA1AD00AE3079 = {
			isa = PBXGroup;
			children = (
				A4AB2C3A1ADEA1AD00AE3079 /* HelloWorldDemo */,
				A4AB2C391ADEA1AD00AE3079 /* Products */,
			);
			sourceTree = "<group>";
		};
		A4AB2C391ADEA1AD00AE3079 /* Products */ = {
			isa = PBXGroup;
			children = (
				A4AB2C381ADEA1AD00AE3079 /* HelloWorldDemo */,
			);
			name = Products;
			sourceTree = "<group>";
		};
		A4AB2C3A1ADEA1AD00AE3079 /* HelloWorldDemo */ = {
			isa = PBXGroup;
			children = (
				A4AB2C3B1ADEA1AD00AE3079 /* main.m */,
				A4AB2C421ADEA1DA00AE3079 /* HelloWorld.h */,
				A4AB2C431ADEA1DA00AE3079 /* HelloWorld.m */,
			);
			path = HelloWorldDemo;
			sourceTree = "<group>";
		};
/* End PBXGroup section */

/* Begin PBXNativeTarget section */
		A4AB2C371ADEA1AD00AE3079 /* HelloWorldDemo */ = {
			isa = PBXNativeTarget;
			buildConfigurationList = A4AB2C3F1ADEA1AD00AE3079 /* Build configuration list for PBXNativeTarget "HelloWorldDemo" */;
			buildPhases = (
				A4AB2C341ADEA1AD00AE3079 /* Sources */,
				A4AB2C351ADEA1AD00AE3079 /* Frameworks */,
				A4AB2C361ADEA1AD00AE3079 /* CopyFiles */,
			);
			buildRules = (
			);
			dependencies = (
			);
			name = HelloWorldDemo;
			productName = HelloWorldDemo;
			productReference = A4AB2C381ADEA1AD00AE3079 /* HelloWorldDemo */;
			productType = "com.apple.product-type.tool";
		};
/* End PBXNativeTarget section */

/* Begin PBXProject section */
		A4AB2C301ADEA1AD00AE3079 /* Project object */ = {
			isa = PBXProject;
			attributes = {
				LastUpgradeCheck = 0630;
				ORGANIZATIONNAME = "panda zheng";
				TargetAttributes = {
					A4AB2C371ADEA1AD00AE3079 = {
						CreatedOnToolsVersion = 6.3;
					};
				};
			};
			buildConfigurationList = A4AB2C331ADEA1AD00AE3079 /* Build configuration list for PBXProject "HelloWorldDemo" */;
			compatibilityVersion = "Xcode 3.2";
			developmentRegion = English;
			hasScannedForEncodings = 0;
			knownRegions = (
				en,
			);
			mainGroup = A4AB2C2F1ADEA1AD00AE3079;
			productRefGroup = A4AB2C391ADEA1AD00AE3079 /* Products */;
			projectDirPath = "";
			projectRoot = "";
			targets = (
				A4AB2C371ADEA1AD00AE3079 /* HelloWorldDemo */,
			);
		};
/* End PBXProject section */

/* Begin PBXSourcesBuildPhase section */
		A4AB2C341ADEA1AD00AE3079 /* Sources */ = {
			isa = PBXSourcesBuildPhase;
			buildActionMask = 2147483647;
			files = (
				A4AB2C3C1ADEA1AD00AE3079 /* main.m in Sources */,
				A4AB2C441ADEA1DA00AE3079 /* HelloWorld.m in Sources */,
			);
			runOnlyForDeploymentPostprocessing = 0;
		};
/* End PBXSourcesBuildPhase section */

/* Begin XCBuildConfiguration section */
		A4AB2C3D1ADEA1AD00AE3079 /* Debug */ = {
			isa = XCBuildConfiguration;
			buildSettings = {
				ALWAYS_SEARCH_USER_PATHS = NO;
				CLANG_CXX_LANGUAGE_STANDARD = "gnu++0x";
				CLANG_CXX_LIBRARY = "libc++";
				CLANG_ENABLE_MODULES = YES;
				CLANG_ENABLE_OBJC_ARC = YES;
				CLANG_WARN_BOOL_CONVERSION = YES;
				CLANG_WARN_CONSTANT_CONVERSION = YES;
				CLANG_WARN_DIRECT_OBJC_ISA_USAGE = YES_ERROR;
				CLANG_WARN_EMPTY_BODY = YES;
				CLANG_WARN_ENUM_CONVERSION = YES;
				CLANG_WARN_INT_CONVERSION = YES;
				CLANG_WARN_OBJC_ROOT_CLASS = YES_ERROR;
				CLANG_WARN_UNREACHABLE_CODE = YES;
				CLANG_WARN__DUPLICATE_METHOD_MATCH = YES;
				COPY_PHASE_STRIP = NO;
				DEBUG_INFORMATION_FORMAT = dwarf;
				ENABLE_STRICT_OBJC_MSGSEND = YES;
				GCC_C_LANGUAGE_STANDARD = gnu99;
				GCC_DYNAMIC_NO_PIC = NO;
				GCC_NO_COMMON_BLOCKS = YES;
				GCC_OPTIMIZATION_LEVEL = 0;
				GCC_PREPROCESSOR_DEFINITIONS = (
					"DEBUG=1",
					"$(inherited)",
				);
				GCC_SYMBOLS_PRIVATE_EXTERN = NO;
				GCC_WARN_64_TO_32_BIT_CONVERSION = YES;
				GCC_WARN_ABOUT_RETURN_TYPE = YES_ERROR;
				GCC_WARN_UNDECLARED_SELECTOR = YES;
				GCC_WARN_UNINITIALIZED_AUTOS = YES_AGGRESSIVE;
				GCC_WARN_UNUSED_FUNCTION = YES;
				GCC_WARN_UNUSED_VARIABLE = YES;
				MACOSX_DEPLOYMENT_TARGET = 10.10;
				MTL_ENABLE_DEBUG_INFO = YES;
				ONLY_ACTIVE_ARCH = YES;
				SDKROOT = macosx;
			};
			name = Debug;
		};
		A4AB2C3E1ADEA1AD00AE3079 /* Release */ = {
			isa = XCBuildConfiguration;
			buildSettings = {
				ALWAYS_SEARCH_USER_PATHS = NO;
				CLANG_CXX_LANGUAGE_STANDARD = "gnu++0x";
				CLANG_CXX_LIBRARY = "libc++";
				CLANG_ENABLE_MODULES = YES;
				CLANG_ENABLE_OBJC_ARC = YES;
				CLANG_WARN_BOOL_CONVERSION = YES;
				CLANG_WARN_CONSTANT_CONVERSION = YES;
				CLANG_WARN_DIRECT_OBJC_ISA_USAGE = YES_ERROR;
				CLANG_WARN_EMPTY_BODY = YES;
				CLANG_WARN_ENUM_CONVERSION = YES;
				CLANG_WARN_INT_CONVERSION = YES;
				CLANG_WARN_OBJC_ROOT_CLASS = YES_ERROR;
				CLANG_WARN_UNREACHABLE_CODE = YES;
				CLANG_WARN__DUPLICATE_METHOD_MATCH = YES;
				COPY_PHASE_STRIP = NO;
				DEBUG_INFORMATION_FORMAT = "dwarf-with-dsym";
				ENABLE_NS_ASSERTIONS = NO;
				ENABLE_STRICT_OBJC_MSGSEND = YES;
				GCC_C_LANGUAGE_STANDARD = gnu99;
				GCC_NO_COMMON_BLOCKS = YES;
				GCC_WARN_64_TO_32_BIT_CONVERSION = YES;
				GCC_WARN_ABOUT_RETURN_TYPE = YES_ERROR;
				GCC_WARN_UNDECLARED_SELECTOR = YES;
				GCC_WARN_UNINITIALIZED_AUTOS = YES_AGGRESSIVE;
				GCC_WARN_UNUSED_FUNCTION = YES;
				GCC_WARN_UNUSED_VARIABLE = YES;
				MACOSX_DEPLOYMENT_TARGET = 10.10;
				MTL_ENABLE_DEBUG_INFO = NO;
				SDKROOT = macosx;
			};
			name = Release;
		};
		A4AB2C401ADEA1AD00AE3079 /* Debug */ = {
			isa = XCBuildConfiguration;
			buildSettings = {
				PRODUCT_NAME = "$(TARGET_NAME)";
			};
			name = Debug;
		};
		A4AB2C411ADEA1AD00AE3079 /* Release */ = {
			isa = XCBuildConfiguration;
			buildSettings = {
				PRODUCT_NAME = "$(TARGET_NAME)";
			};
			name = Release;
		};
/* End XCBuildConfiguration section */

/* Begin XCConfigurationList section */
		A4AB2C331ADEA1AD00AE3079 /* Build configuration list for PBXProject "HelloWorldDemo" */ = {
			isa = XCConfigurationList;
			buildConfigurations = (
				A4AB2C3D1ADEA1AD00AE3079 /* Debug */,
				A4AB2C3E1ADEA1AD00AE3079 /* Release */,
			);
			defaultConfigurationIsVisible = 0;
			defaultConfigurationName = Release;
		};
		A4AB2C3F1ADEA1AD00AE3079 /* Build configuration list for PBXNativeTarget "HelloWorldDemo" */ = {
			isa = XCConfigurationList;
			buildConfigurations = (
				A4AB2C401ADEA1AD00AE3079 /* Debug */,
				A4AB2C411ADEA1AD00AE3079 /* Release */,
			);
			defaultConfigurationIsVisible = 0;
		};
/* End XCConfigurationList section */
	};
	rootObject = A4AB2C301ADEA1AD00AE3079 /* Project object */;
}
