// !$*UTF8*$!
{
	archiveVersion = 1;
	classes = {
	};
	objectVersion = 46;
	objects = {

/* Begin PBXBuildFile section */
		A45436021AE1EA51008381BE /* main.m in Sources */ = {isa = PBXBuildFile; fileRef = A45436011AE1EA51008381BE /* main.m */; };
		A45436051AE1EA51008381BE /* AppDelegate.m in Sources */ = {isa = PBXBuildFile; fileRef = A45436041AE1EA51008381BE /* AppDelegate.m */; };
		A45436081AE1EA51008381BE /* ViewController.m in Sources */ = {isa = PBXBuildFile; fileRef = A45436071AE1EA51008381BE /* ViewController.m */; };
		A454360B1AE1EA51008381BE /* Main.storyboard in Resources */ = {isa = PBXBuildFile; fileRef = A45436091AE1EA51008381BE /* Main.storyboard */; };
		A454360D1AE1EA51008381BE /* Images.xcassets in Resources */ = {isa = PBXBuildFile; fileRef = A454360C1AE1EA51008381BE /* Images.xcassets */; };
		A45436101AE1EA51008381BE /* LaunchScreen.xib in Resources */ = {isa = PBXBuildFile; fileRef = A454360E1AE1EA51008381BE /* LaunchScreen.xib */; };
		A454361C1AE1EA52008381BE /* DemoTestTests.m in Sources */ = {isa = PBXBuildFile; fileRef = A454361B1AE1EA52008381BE /* DemoTestTests.m */; };
/* End PBXBuildFile section */

/* Begin PBXContainerItemProxy section */
		A45436161AE1EA52008381BE /* PBXContainerItemProxy */ = {
			isa = PBXContainerItemProxy;
			containerPortal = A45435F41AE1EA51008381BE /* Project object */;
			proxyType = 1;
			remoteGlobalIDString = A45435FB1AE1EA51008381BE;
			remoteInfo = DemoTest;
		};
/* End PBXContainerItemProxy section */

/* Begin PBXFileReference section */
		A45435FC1AE1EA51008381BE /* DemoTest.app */ = {isa = PBXFileReference; explicitFileType = wrapper.application; includeInIndex = 0; path = DemoTest.app; sourceTree = BUILT_PRODUCTS_DIR; };
		A45436001AE1EA51008381BE /* Info.plist */ = {isa = PBXFileReference; lastKnownFileType = text.plist.xml; path = Info.plist; sourceTree = "<group>"; };
		A45436011AE1EA51008381BE /* main.m */ = {isa = PBXFileReference; lastKnownFileType = sourcecode.c.objc; path = main.m; sourceTree = "<group>"; };
		A45436031AE1EA51008381BE /* AppDelegate.h */ = {isa = PBXFileReference; lastKnownFileType = sourcecode.c.h; path = AppDelegate.h; sourceTree = "<group>"; };
		A45436041AE1EA51008381BE /* AppDelegate.m */ = {isa = PBXFileReference; lastKnownFileType = sourcecode.c.objc; path = AppDelegate.m; sourceTree = "<group>"; };
		A45436061AE1EA51008381BE /* ViewController.h */ = {isa = PBXFileReference; lastKnownFileType = sourcecode.c.h; path = ViewController.h; sourceTree = "<group>"; };
		A45436071AE1EA51008381BE /* ViewController.m */ = {isa = PBXFileReference; lastKnownFileType = sourcecode.c.objc; path = ViewController.m; sourceTree = "<group>"; };
		A454360A1AE1EA51008381BE /* Base */ = {isa = PBXFileReference; lastKnownFileType = file.storyboard; name = Base; path = Base.lproj/Main.storyboard; sourceTree = "<group>"; };
		A454360C1AE1EA51008381BE /* Images.xcassets */ = {isa = PBXFileReference; lastKnownFileType = folder.assetcatalog; path = Images.xcassets; sourceTree = "<group>"; };
		A454360F1AE1EA51008381BE /* Base */ = {isa = PBXFileReference; lastKnownFileType = file.xib; name = Base; path = Base.lproj/LaunchScreen.xib; sourceTree = "<group>"; };
		A45436151AE1EA52008381BE /* DemoTestTests.xctest */ = {isa = PBXFileReference; explicitFileType = wrapper.cfbundle; includeInIndex = 0; path = DemoTestTests.xctest; sourceTree = BUILT_PRODUCTS_DIR; };
		A454361A1AE1EA52008381BE /* Info.plist */ = {isa = PBXFileReference; lastKnownFileType = text.plist.xml; path = Info.plist; sourceTree = "<group>"; };
		A454361B1AE1EA52008381BE /* DemoTestTests.m */ = {isa = PBXFileReference; lastKnownFileType = sourcecode.c.objc; path = DemoTestTests.m; sourceTree = "<group>"; };
/* End PBXFileReference section */

/* Begin PBXFrameworksBuildPhase section */
		A45435F91AE1EA51008381BE /* Frameworks */ = {
			isa = PBXFrameworksBuildPhase;
			buildActionMask = 2147483647;
			files = (
			);
			runOnlyForDeploymentPostprocessing = 0;
		};
		A45436121AE1EA52008381BE /* Frameworks */ = {
			isa = PBXFrameworksBuildPhase;
			buildActionMask = 2147483647;
			files = (
			);
			runOnlyForDeploymentPostprocessing = 0;
		};
/* End PBXFrameworksBuildPhase section */

/* Begin PBXGroup section */
		A45435F31AE1EA51008381BE = {
			isa = PBXGroup;
			children = (
				A45435FE1AE1EA51008381BE /* DemoTest */,
				A45436181AE1EA52008381BE /* DemoTestTests */,
				A45435FD1AE1EA51008381BE /* Products */,
			);
			sourceTree = "<group>";
		};
		A45435FD1AE1EA51008381BE /* Products */ = {
			isa = PBXGroup;
			children = (
				A45435FC1AE1EA51008381BE /* DemoTest.app */,
				A45436151AE1EA52008381BE /* DemoTestTests.xctest */,
			);
			name = Products;
			sourceTree = "<group>";
		};
		A45435FE1AE1EA51008381BE /* DemoTest */ = {
			isa = PBXGroup;
			children = (
				A45436031AE1EA51008381BE /* AppDelegate.h */,
				A45436041AE1EA51008381BE /* AppDelegate.m */,
				A45436061AE1EA51008381BE /* ViewController.h */,
				A45436071AE1EA51008381BE /* ViewController.m */,
				A45436091AE1EA51008381BE /* Main.storyboard */,
				A454360C1AE1EA51008381BE /* Images.xcassets */,
				A454360E1AE1EA51008381BE /* LaunchScreen.xib */,
				A45435FF1AE1EA51008381BE /* Supporting Files */,
			);
			path = DemoTest;
			sourceTree = "<group>";
		};
		A45435FF1AE1EA51008381BE /* Supporting Files */ = {
			isa = PBXGroup;
			children = (
				A45436001AE1EA51008381BE /* Info.plist */,
				A45436011AE1EA51008381BE /* main.m */,
			);
			name = "Supporting Files";
			sourceTree = "<group>";
		};
		A45436181AE1EA52008381BE /* DemoTestTests */ = {
			isa = PBXGroup;
			children = (
				A454361B1AE1EA52008381BE /* DemoTestTests.m */,
				A45436191AE1EA52008381BE /* Supporting Files */,
			);
			path = DemoTestTests;
			sourceTree = "<group>";
		};
		A45436191AE1EA52008381BE /* Supporting Files */ = {
			isa = PBXGroup;
			children = (
				A454361A1AE1EA52008381BE /* Info.plist */,
			);
			name = "Supporting Files";
			sourceTree = "<group>";
		};
/* End PBXGroup section */

/* Begin PBXNativeTarget section */
		A45435FB1AE1EA51008381BE /* DemoTest */ = {
			isa = PBXNativeTarget;
			buildConfigurationList = A454361F1AE1EA52008381BE /* Build configuration list for PBXNativeTarget "DemoTest" */;
			buildPhases = (
				A45435F81AE1EA51008381BE /* Sources */,
				A45435F91AE1EA51008381BE /* Frameworks */,
				A45435FA1AE1EA51008381BE /* Resources */,
			);
			buildRules = (
			);
			dependencies = (
			);
			name = DemoTest;
			productName = DemoTest;
			productReference = A45435FC1AE1EA51008381BE /* DemoTest.app */;
			productType = "com.apple.product-type.application";
		};
		A45436141AE1EA52008381BE /* DemoTestTests */ = {
			isa = PBXNativeTarget;
			buildConfigurationList = A45436221AE1EA52008381BE /* Build configuration list for PBXNativeTarget "DemoTestTests" */;
			buildPhases = (
				A45436111AE1EA52008381BE /* Sources */,
				A45436121AE1EA52008381BE /* Frameworks */,
				A45436131AE1EA52008381BE /* Resources */,
			);
			buildRules = (
			);
			dependencies = (
				A45436171AE1EA52008381BE /* PBXTargetDependency */,
			);
			name = DemoTestTests;
			productName = DemoTestTests;
			productReference = A45436151AE1EA52008381BE /* DemoTestTests.xctest */;
			productType = "com.apple.product-type.bundle.unit-test";
		};
/* End PBXNativeTarget section */

/* Begin PBXProject section */
		A45435F41AE1EA51008381BE /* Project object */ = {
			isa = PBXProject;
			attributes = {
				LastUpgradeCheck = 0630;
				ORGANIZATIONNAME = "panda zheng";
				TargetAttributes = {
					A45435FB1AE1EA51008381BE = {
						CreatedOnToolsVersion = 6.3;
					};
					A45436141AE1EA52008381BE = {
						CreatedOnToolsVersion = 6.3;
						TestTargetID = A45435FB1AE1EA51008381BE;
					};
				};
			};
			buildConfigurationList = A45435F71AE1EA51008381BE /* Build configuration list for PBXProject "DemoTest" */;
			compatibilityVersion = "Xcode 3.2";
			developmentRegion = English;
			hasScannedForEncodings = 0;
			knownRegions = (
				en,
				Base,
			);
			mainGroup = A45435F31AE1EA51008381BE;
			productRefGroup = A45435FD1AE1EA51008381BE /* Products */;
			projectDirPath = "";
			projectRoot = "";
			targets = (
				A45435FB1AE1EA51008381BE /* DemoTest */,
				A45436141AE1EA52008381BE /* DemoTestTests */,
			);
		};
/* End PBXProject section */

/* Begin PBXResourcesBuildPhase section */
		A45435FA1AE1EA51008381BE /* Resources */ = {
			isa = PBXResourcesBuildPhase;
			buildActionMask = 2147483647;
			files = (
				A454360B1AE1EA51008381BE /* Main.storyboard in Resources */,
				A45436101AE1EA51008381BE /* LaunchScreen.xib in Resources */,
				A454360D1AE1EA51008381BE /* Images.xcassets in Resources */,
			);
			runOnlyForDeploymentPostprocessing = 0;
		};
		A45436131AE1EA52008381BE /* Resources */ = {
			isa = PBXResourcesBuildPhase;
			buildActionMask = 2147483647;
			files = (
			);
			runOnlyForDeploymentPostprocessing = 0;
		};
/* End PBXResourcesBuildPhase section */

/* Begin PBXSourcesBuildPhase section */
		A45435F81AE1EA51008381BE /* Sources */ = {
			isa = PBXSourcesBuildPhase;
			buildActionMask = 2147483647;
			files = (
				A45436081AE1EA51008381BE /* ViewController.m in Sources */,
				A45436051AE1EA51008381BE /* AppDelegate.m in Sources */,
				A45436021AE1EA51008381BE /* main.m in Sources */,
			);
			runOnlyForDeploymentPostprocessing = 0;
		};
		A45436111AE1EA52008381BE /* Sources */ = {
			isa = PBXSourcesBuildPhase;
			buildActionMask = 2147483647;
			files = (
				A454361C1AE1EA52008381BE /* DemoTestTests.m in Sources */,
			);
			runOnlyForDeploymentPostprocessing = 0;
		};
/* End PBXSourcesBuildPhase section */

/* Begin PBXTargetDependency section */
		A45436171AE1EA52008381BE /* PBXTargetDependency */ = {
			isa = PBXTargetDependency;
			target = A45435FB1AE1EA51008381BE /* DemoTest */;
			targetProxy = A45436161AE1EA52008381BE /* PBXContainerItemProxy */;
		};
/* End PBXTargetDependency section */

/* Begin PBXVariantGroup section */
		A45436091AE1EA51008381BE /* Main.storyboard */ = {
			isa = PBXVariantGroup;
			children = (
				A454360A1AE1EA51008381BE /* Base */,
			);
			name = Main.storyboard;
			sourceTree = "<group>";
		};
		A454360E1AE1EA51008381BE /* LaunchScreen.xib */ = {
			isa = PBXVariantGroup;
			children = (
				A454360F1AE1EA51008381BE /* Base */,
			);
			name = LaunchScreen.xib;
			sourceTree = "<group>";
		};
/* End PBXVariantGroup section */

/* Begin XCBuildConfiguration section */
		A454361D1AE1EA52008381BE /* Debug */ = {
			isa = XCBuildConfiguration;
			buildSettings = {
				ALWAYS_SEARCH_USER_PATHS = NO;
				CLANG_CXX_LANGUAGE_STANDARD = "gnu++0x";
				CLANG_CXX_LIBRARY = "libc++";
				CLANG_ENABLE_MODULES = YES;
				CLANG_ENABLE_OBJC_ARC = YES;
				CLANG_WARN_BOOL_CONVERSION = YES;
				CLANG_WARN_CONSTANT_CONVERSION = YES;
				CLANG_WARN_DIRECT_OBJC_ISA_USAGE = YES_ERROR;
				CLANG_WARN_EMPTY_BODY = YES;
				CLANG_WARN_ENUM_CONVERSION = YES;
				CLANG_WARN_INT_CONVERSION = YES;
				CLANG_WARN_OBJC_ROOT_CLASS = YES_ERROR;
				CLANG_WARN_UNREACHABLE_CODE = YES;
				CLANG_WARN__DUPLICATE_METHOD_MATCH = YES;
				"CODE_SIGN_IDENTITY[sdk=iphoneos*]" = "iPhone Developer";
				COPY_PHASE_STRIP = NO;
				DEBUG_INFORMATION_FORMAT = "dwarf-with-dsym";
				ENABLE_STRICT_OBJC_MSGSEND = YES;
				GCC_C_LANGUAGE_STANDARD = gnu99;
				GCC_DYNAMIC_NO_PIC = NO;
				GCC_NO_COMMON_BLOCKS = YES;
				GCC_OPTIMIZATION_LEVEL = 0;
				GCC_PREPROCESSOR_DEFINITIONS = (
					"DEBUG=1",
					"$(inherited)",
				);
				GCC_SYMBOLS_PRIVATE_EXTERN = NO;
				GCC_WARN_64_TO_32_BIT_CONVERSION = YES;
				GCC_WARN_ABOUT_RETURN_TYPE = YES_ERROR;
				GCC_WARN_UNDECLARED_SELECTOR = YES;
				GCC_WARN_UNINITIALIZED_AUTOS = YES_AGGRESSIVE;
				GCC_WARN_UNUSED_FUNCTION = YES;
				GCC_WARN_UNUSED_VARIABLE = YES;
				IPHONEOS_DEPLOYMENT_TARGET = 8.3;
				MTL_ENABLE_DEBUG_INFO = YES;
				ONLY_ACTIVE_ARCH = YES;
				SDKROOT = iphoneos;
			};
			name = Debug;
		};
		A454361E1AE1EA52008381BE /* Release */ = {
			isa = XCBuildConfiguration;
			buildSettings = {
				ALWAYS_SEARCH_USER_PATHS = NO;
				CLANG_CXX_LANGUAGE_STANDARD = "gnu++0x";
				CLANG_CXX_LIBRARY = "libc++";
				CLANG_ENABLE_MODULES = YES;
				CLANG_ENABLE_OBJC_ARC = YES;
				CLANG_WARN_BOOL_CONVERSION = YES;
				CLANG_WARN_CONSTANT_CONVERSION = YES;
				CLANG_WARN_DIRECT_OBJC_ISA_USAGE = YES_ERROR;
				CLANG_WARN_EMPTY_BODY = YES;
				CLANG_WARN_ENUM_CONVERSION = YES;
				CLANG_WARN_INT_CONVERSION = YES;
				CLANG_WARN_OBJC_ROOT_CLASS = YES_ERROR;
				CLANG_WARN_UNREACHABLE_CODE = YES;
				CLANG_WARN__DUPLICATE_METHOD_MATCH = YES;
				"CODE_SIGN_IDENTITY[sdk=iphoneos*]" = "iPhone Developer";
				COPY_PHASE_STRIP = NO;
				DEBUG_INFORMATION_FORMAT = "dwarf-with-dsym";
				ENABLE_NS_ASSERTIONS = NO;
				ENABLE_STRICT_OBJC_MSGSEND = YES;
				GCC_C_LANGUAGE_STANDARD = gnu99;
				GCC_NO_COMMON_BLOCKS = YES;
				GCC_WARN_64_TO_32_BIT_CONVERSION = YES;
				GCC_WARN_ABOUT_RETURN_TYPE = YES_ERROR;
				GCC_WARN_UNDECLARED_SELECTOR = YES;
				GCC_WARN_UNINITIALIZED_AUTOS = YES_AGGRESSIVE;
				GCC_WARN_UNUSED_FUNCTION = YES;
				GCC_WARN_UNUSED_VARIABLE = YES;
				IPHONEOS_DEPLOYMENT_TARGET = 8.3;
				MTL_ENABLE_DEBUG_INFO = NO;
				SDKROOT = iphoneos;
				VALIDATE_PRODUCT = YES;
			};
			name = Release;
		};
		A45436201AE1EA52008381BE /* Debug */ = {
			isa = XCBuildConfiguration;
			buildSettings = {
				ASSETCATALOG_COMPILER_APPICON_NAME = AppIcon;
				INFOPLIST_FILE = DemoTest/Info.plist;
				LD_RUNPATH_SEARCH_PATHS = "$(inherited) @executable_path/Frameworks";
				PRODUCT_NAME = "$(TARGET_NAME)";
			};
			name = Debug;
		};
		A45436211AE1EA52008381BE /* Release */ = {
			isa = XCBuildConfiguration;
			buildSettings = {
				ASSETCATALOG_COMPILER_APPICON_NAME = AppIcon;
				INFOPLIST_FILE = DemoTest/Info.plist;
				LD_RUNPATH_SEARCH_PATHS = "$(inherited) @executable_path/Frameworks";
				PRODUCT_NAME = "$(TARGET_NAME)";
			};
			name = Release;
		};
		A45436231AE1EA52008381BE /* Debug */ = {
			isa = XCBuildConfiguration;
			buildSettings = {
				BUNDLE_LOADER = "$(TEST_HOST)";
				FRAMEWORK_SEARCH_PATHS = (
					"$(SDKROOT)/Developer/Library/Frameworks",
					"$(inherited)",
				);
				GCC_PREPROCESSOR_DEFINITIONS = (
					"DEBUG=1",
					"$(inherited)",
				);
				INFOPLIST_FILE = DemoTestTests/Info.plist;
				LD_RUNPATH_SEARCH_PATHS = "$(inherited) @executable_path/Frameworks @loader_path/Frameworks";
				PRODUCT_NAME = "$(TARGET_NAME)";
				TEST_HOST = "$(BUILT_PRODUCTS_DIR)/DemoTest.app/DemoTest";
			};
			name = Debug;
		};
		A45436241AE1EA52008381BE /* Release */ = {
			isa = XCBuildConfiguration;
			buildSettings = {
				BUNDLE_LOADER = "$(TEST_HOST)";
				FRAMEWORK_SEARCH_PATHS = (
					"$(SDKROOT)/Developer/Library/Frameworks",
					"$(inherited)",
				);
				INFOPLIST_FILE = DemoTestTests/Info.plist;
				LD_RUNPATH_SEARCH_PATHS = "$(inherited) @executable_path/Frameworks @loader_path/Frameworks";
				PRODUCT_NAME = "$(TARGET_NAME)";
				TEST_HOST = "$(BUILT_PRODUCTS_DIR)/DemoTest.app/DemoTest";
			};
			name = Release;
		};
/* End XCBuildConfiguration section */

/* Begin XCConfigurationList section */
		A45435F71AE1EA51008381BE /* Build configuration list for PBXProject "DemoTest" */ = {
			isa = XCConfigurationList;
			buildConfigurations = (
				A454361D1AE1EA52008381BE /* Debug */,
				A454361E1AE1EA52008381BE /* Release */,
			);
			defaultConfigurationIsVisible = 0;
			defaultConfigurationName = Release;
		};
		A454361F1AE1EA52008381BE /* Build configuration list for PBXNativeTarget "DemoTest" */ = {
			isa = XCConfigurationList;
			buildConfigurations = (
				A45436201AE1EA52008381BE /* Debug */,
				A45436211AE1EA52008381BE /* Release */,
			);
			defaultConfigurationIsVisible = 0;
		};
		A45436221AE1EA52008381BE /* Build configuration list for PBXNativeTarget "DemoTestTests" */ = {
			isa = XCConfigurationList;
			buildConfigurations = (
				A45436231AE1EA52008381BE /* Debug */,
				A45436241AE1EA52008381BE /* Release */,
			);
			defaultConfigurationIsVisible = 0;
		};
/* End XCConfigurationList section */
	};
	rootObject = A45435F41AE1EA51008381BE /* Project object */;
}
