// !$*UTF8*$!
{
	archiveVersion = 1;
	classes = {
	};
	objectVersion = 46;
	objects = {

/* Begin PBXBuildFile section */
		A41A63DF1ADB8391001BBC16 /* main.m in Sources */ = {isa = PBXBuildFile; fileRef = A41A63DE1ADB8391001BBC16 /* main.m */; };
		A41A63E21ADB8391001BBC16 /* AppDelegate.m in Sources */ = {isa = PBXBuildFile; fileRef = A41A63E11ADB8391001BBC16 /* AppDelegate.m */; };
		A41A63E51ADB8391001BBC16 /* ViewController.m in Sources */ = {isa = PBXBuildFile; fileRef = A41A63E41ADB8391001BBC16 /* ViewController.m */; };
		A41A63E81ADB8391001BBC16 /* Main.storyboard in Resources */ = {isa = PBXBuildFile; fileRef = A41A63E61ADB8391001BBC16 /* Main.storyboard */; };
		A41A63EA1ADB8391001BBC16 /* Images.xcassets in Resources */ = {isa = PBXBuildFile; fileRef = A41A63E91ADB8391001BBC16 /* Images.xcassets */; };
		A41A63ED1ADB8391001BBC16 /* LaunchScreen.xib in Resources */ = {isa = PBXBuildFile; fileRef = A41A63EB1ADB8391001BBC16 /* LaunchScreen.xib */; };
		A41A63F91ADB8391001BBC16 /* DownLoadFileTests.m in Sources */ = {isa = PBXBuildFile; fileRef = A41A63F81ADB8391001BBC16 /* DownLoadFileTests.m */; };
/* End PBXBuildFile section */

/* Begin PBXContainerItemProxy section */
		A41A63F31ADB8391001BBC16 /* PBXContainerItemProxy */ = {
			isa = PBXContainerItemProxy;
			containerPortal = A41A63D11ADB8391001BBC16 /* Project object */;
			proxyType = 1;
			remoteGlobalIDString = A41A63D81ADB8391001BBC16;
			remoteInfo = DownLoadFile;
		};
/* End PBXContainerItemProxy section */

/* Begin PBXFileReference section */
		A41A63D91ADB8391001BBC16 /* DownLoadFile.app */ = {isa = PBXFileReference; explicitFileType = wrapper.application; includeInIndex = 0; path = DownLoadFile.app; sourceTree = BUILT_PRODUCTS_DIR; };
		A41A63DD1ADB8391001BBC16 /* Info.plist */ = {isa = PBXFileReference; lastKnownFileType = text.plist.xml; path = Info.plist; sourceTree = "<group>"; };
		A41A63DE1ADB8391001BBC16 /* main.m */ = {isa = PBXFileReference; lastKnownFileType = sourcecode.c.objc; path = main.m; sourceTree = "<group>"; };
		A41A63E01ADB8391001BBC16 /* AppDelegate.h */ = {isa = PBXFileReference; lastKnownFileType = sourcecode.c.h; path = AppDelegate.h; sourceTree = "<group>"; };
		A41A63E11ADB8391001BBC16 /* AppDelegate.m */ = {isa = PBXFileReference; lastKnownFileType = sourcecode.c.objc; path = AppDelegate.m; sourceTree = "<group>"; };
		A41A63E31ADB8391001BBC16 /* ViewController.h */ = {isa = PBXFileReference; lastKnownFileType = sourcecode.c.h; path = ViewController.h; sourceTree = "<group>"; };
		A41A63E41ADB8391001BBC16 /* ViewController.m */ = {isa = PBXFileReference; lastKnownFileType = sourcecode.c.objc; path = ViewController.m; sourceTree = "<group>"; };
		A41A63E71ADB8391001BBC16 /* Base */ = {isa = PBXFileReference; lastKnownFileType = file.storyboard; name = Base; path = Base.lproj/Main.storyboard; sourceTree = "<group>"; };
		A41A63E91ADB8391001BBC16 /* Images.xcassets */ = {isa = PBXFileReference; lastKnownFileType = folder.assetcatalog; path = Images.xcassets; sourceTree = "<group>"; };
		A41A63EC1ADB8391001BBC16 /* Base */ = {isa = PBXFileReference; lastKnownFileType = file.xib; name = Base; path = Base.lproj/LaunchScreen.xib; sourceTree = "<group>"; };
		A41A63F21ADB8391001BBC16 /* DownLoadFileTests.xctest */ = {isa = PBXFileReference; explicitFileType = wrapper.cfbundle; includeInIndex = 0; path = DownLoadFileTests.xctest; sourceTree = BUILT_PRODUCTS_DIR; };
		A41A63F71ADB8391001BBC16 /* Info.plist */ = {isa = PBXFileReference; lastKnownFileType = text.plist.xml; path = Info.plist; sourceTree = "<group>"; };
		A41A63F81ADB8391001BBC16 /* DownLoadFileTests.m */ = {isa = PBXFileReference; lastKnownFileType = sourcecode.c.objc; path = DownLoadFileTests.m; sourceTree = "<group>"; };
/* End PBXFileReference section */

/* Begin PBXFrameworksBuildPhase section */
		A41A63D61ADB8391001BBC16 /* Frameworks */ = {
			isa = PBXFrameworksBuildPhase;
			buildActionMask = 2147483647;
			files = (
			);
			runOnlyForDeploymentPostprocessing = 0;
		};
		A41A63EF1ADB8391001BBC16 /* Frameworks */ = {
			isa = PBXFrameworksBuildPhase;
			buildActionMask = 2147483647;
			files = (
			);
			runOnlyForDeploymentPostprocessing = 0;
		};
/* End PBXFrameworksBuildPhase section */

/* Begin PBXGroup section */
		A41A63D01ADB8391001BBC16 = {
			isa = PBXGroup;
			children = (
				A41A63DB1ADB8391001BBC16 /* DownLoadFile */,
				A41A63F51ADB8391001BBC16 /* DownLoadFileTests */,
				A41A63DA1ADB8391001BBC16 /* Products */,
			);
			sourceTree = "<group>";
		};
		A41A63DA1ADB8391001BBC16 /* Products */ = {
			isa = PBXGroup;
			children = (
				A41A63D91ADB8391001BBC16 /* DownLoadFile.app */,
				A41A63F21ADB8391001BBC16 /* DownLoadFileTests.xctest */,
			);
			name = Products;
			sourceTree = "<group>";
		};
		A41A63DB1ADB8391001BBC16 /* DownLoadFile */ = {
			isa = PBXGroup;
			children = (
				A41A63E01ADB8391001BBC16 /* AppDelegate.h */,
				A41A63E11ADB8391001BBC16 /* AppDelegate.m */,
				A41A63E31ADB8391001BBC16 /* ViewController.h */,
				A41A63E41ADB8391001BBC16 /* ViewController.m */,
				A41A63E61ADB8391001BBC16 /* Main.storyboard */,
				A41A63E91ADB8391001BBC16 /* Images.xcassets */,
				A41A63EB1ADB8391001BBC16 /* LaunchScreen.xib */,
				A41A63DC1ADB8391001BBC16 /* Supporting Files */,
			);
			path = DownLoadFile;
			sourceTree = "<group>";
		};
		A41A63DC1ADB8391001BBC16 /* Supporting Files */ = {
			isa = PBXGroup;
			children = (
				A41A63DD1ADB8391001BBC16 /* Info.plist */,
				A41A63DE1ADB8391001BBC16 /* main.m */,
			);
			name = "Supporting Files";
			sourceTree = "<group>";
		};
		A41A63F51ADB8391001BBC16 /* DownLoadFileTests */ = {
			isa = PBXGroup;
			children = (
				A41A63F81ADB8391001BBC16 /* DownLoadFileTests.m */,
				A41A63F61ADB8391001BBC16 /* Supporting Files */,
			);
			path = DownLoadFileTests;
			sourceTree = "<group>";
		};
		A41A63F61ADB8391001BBC16 /* Supporting Files */ = {
			isa = PBXGroup;
			children = (
				A41A63F71ADB8391001BBC16 /* Info.plist */,
			);
			name = "Supporting Files";
			sourceTree = "<group>";
		};
/* End PBXGroup section */

/* Begin PBXNativeTarget section */
		A41A63D81ADB8391001BBC16 /* DownLoadFile */ = {
			isa = PBXNativeTarget;
			buildConfigurationList = A41A63FC1ADB8391001BBC16 /* Build configuration list for PBXNativeTarget "DownLoadFile" */;
			buildPhases = (
				A41A63D51ADB8391001BBC16 /* Sources */,
				A41A63D61ADB8391001BBC16 /* Frameworks */,
				A41A63D71ADB8391001BBC16 /* Resources */,
			);
			buildRules = (
			);
			dependencies = (
			);
			name = DownLoadFile;
			productName = DownLoadFile;
			productReference = A41A63D91ADB8391001BBC16 /* DownLoadFile.app */;
			productType = "com.apple.product-type.application";
		};
		A41A63F11ADB8391001BBC16 /* DownLoadFileTests */ = {
			isa = PBXNativeTarget;
			buildConfigurationList = A41A63FF1ADB8391001BBC16 /* Build configuration list for PBXNativeTarget "DownLoadFileTests" */;
			buildPhases = (
				A41A63EE1ADB8391001BBC16 /* Sources */,
				A41A63EF1ADB8391001BBC16 /* Frameworks */,
				A41A63F01ADB8391001BBC16 /* Resources */,
			);
			buildRules = (
			);
			dependencies = (
				A41A63F41ADB8391001BBC16 /* PBXTargetDependency */,
			);
			name = DownLoadFileTests;
			productName = DownLoadFileTests;
			productReference = A41A63F21ADB8391001BBC16 /* DownLoadFileTests.xctest */;
			productType = "com.apple.product-type.bundle.unit-test";
		};
/* End PBXNativeTarget section */

/* Begin PBXProject section */
		A41A63D11ADB8391001BBC16 /* Project object */ = {
			isa = PBXProject;
			attributes = {
				LastUpgradeCheck = 0630;
				ORGANIZATIONNAME = "panda zheng";
				TargetAttributes = {
					A41A63D81ADB8391001BBC16 = {
						CreatedOnToolsVersion = 6.3;
					};
					A41A63F11ADB8391001BBC16 = {
						CreatedOnToolsVersion = 6.3;
						TestTargetID = A41A63D81ADB8391001BBC16;
					};
				};
			};
			buildConfigurationList = A41A63D41ADB8391001BBC16 /* Build configuration list for PBXProject "DownLoadFile" */;
			compatibilityVersion = "Xcode 3.2";
			developmentRegion = English;
			hasScannedForEncodings = 0;
			knownRegions = (
				en,
				Base,
			);
			mainGroup = A41A63D01ADB8391001BBC16;
			productRefGroup = A41A63DA1ADB8391001BBC16 /* Products */;
			projectDirPath = "";
			projectRoot = "";
			targets = (
				A41A63D81ADB8391001BBC16 /* DownLoadFile */,
				A41A63F11ADB8391001BBC16 /* DownLoadFileTests */,
			);
		};
/* End PBXProject section */

/* Begin PBXResourcesBuildPhase section */
		A41A63D71ADB8391001BBC16 /* Resources */ = {
			isa = PBXResourcesBuildPhase;
			buildActionMask = 2147483647;
			files = (
				A41A63E81ADB8391001BBC16 /* Main.storyboard in Resources */,
				A41A63ED1ADB8391001BBC16 /* LaunchScreen.xib in Resources */,
				A41A63EA1ADB8391001BBC16 /* Images.xcassets in Resources */,
			);
			runOnlyForDeploymentPostprocessing = 0;
		};
		A41A63F01ADB8391001BBC16 /* Resources */ = {
			isa = PBXResourcesBuildPhase;
			buildActionMask = 2147483647;
			files = (
			);
			runOnlyForDeploymentPostprocessing = 0;
		};
/* End PBXResourcesBuildPhase section */

/* Begin PBXSourcesBuildPhase section */
		A41A63D51ADB8391001BBC16 /* Sources */ = {
			isa = PBXSourcesBuildPhase;
			buildActionMask = 2147483647;
			files = (
				A41A63E51ADB8391001BBC16 /* ViewController.m in Sources */,
				A41A63E21ADB8391001BBC16 /* AppDelegate.m in Sources */,
				A41A63DF1ADB8391001BBC16 /* main.m in Sources */,
			);
			runOnlyForDeploymentPostprocessing = 0;
		};
		A41A63EE1ADB8391001BBC16 /* Sources */ = {
			isa = PBXSourcesBuildPhase;
			buildActionMask = 2147483647;
			files = (
				A41A63F91ADB8391001BBC16 /* DownLoadFileTests.m in Sources */,
			);
			runOnlyForDeploymentPostprocessing = 0;
		};
/* End PBXSourcesBuildPhase section */

/* Begin PBXTargetDependency section */
		A41A63F41ADB8391001BBC16 /* PBXTargetDependency */ = {
			isa = PBXTargetDependency;
			target = A41A63D81ADB8391001BBC16 /* DownLoadFile */;
			targetProxy = A41A63F31ADB8391001BBC16 /* PBXContainerItemProxy */;
		};
/* End PBXTargetDependency section */

/* Begin PBXVariantGroup section */
		A41A63E61ADB8391001BBC16 /* Main.storyboard */ = {
			isa = PBXVariantGroup;
			children = (
				A41A63E71ADB8391001BBC16 /* Base */,
			);
			name = Main.storyboard;
			sourceTree = "<group>";
		};
		A41A63EB1ADB8391001BBC16 /* LaunchScreen.xib */ = {
			isa = PBXVariantGroup;
			children = (
				A41A63EC1ADB8391001BBC16 /* Base */,
			);
			name = LaunchScreen.xib;
			sourceTree = "<group>";
		};
/* End PBXVariantGroup section */

/* Begin XCBuildConfiguration section */
		A41A63FA1ADB8391001BBC16 /* Debug */ = {
			isa = XCBuildConfiguration;
			buildSettings = {
				ALWAYS_SEARCH_USER_PATHS = NO;
				CLANG_CXX_LANGUAGE_STANDARD = "gnu++0x";
				CLANG_CXX_LIBRARY = "libc++";
				CLANG_ENABLE_MODULES = YES;
				CLANG_ENABLE_OBJC_ARC = YES;
				CLANG_WARN_BOOL_CONVERSION = YES;
				CLANG_WARN_CONSTANT_CONVERSION = YES;
				CLANG_WARN_DIRECT_OBJC_ISA_USAGE = YES_ERROR;
				CLANG_WARN_EMPTY_BODY = YES;
				CLANG_WARN_ENUM_CONVERSION = YES;
				CLANG_WARN_INT_CONVERSION = YES;
				CLANG_WARN_OBJC_ROOT_CLASS = YES_ERROR;
				CLANG_WARN_UNREACHABLE_CODE = YES;
				CLANG_WARN__DUPLICATE_METHOD_MATCH = YES;
				"CODE_SIGN_IDENTITY[sdk=iphoneos*]" = "iPhone Developer";
				COPY_PHASE_STRIP = NO;
				DEBUG_INFORMATION_FORMAT = "dwarf-with-dsym";
				ENABLE_STRICT_OBJC_MSGSEND = YES;
				GCC_C_LANGUAGE_STANDARD = gnu99;
				GCC_DYNAMIC_NO_PIC = NO;
				GCC_NO_COMMON_BLOCKS = YES;
				GCC_OPTIMIZATION_LEVEL = 0;
				GCC_PREPROCESSOR_DEFINITIONS = (
					"DEBUG=1",
					"$(inherited)",
				);
				GCC_SYMBOLS_PRIVATE_EXTERN = NO;
				GCC_WARN_64_TO_32_BIT_CONVERSION = YES;
				GCC_WARN_ABOUT_RETURN_TYPE = YES_ERROR;
				GCC_WARN_UNDECLARED_SELECTOR = YES;
				GCC_WARN_UNINITIALIZED_AUTOS = YES_AGGRESSIVE;
				GCC_WARN_UNUSED_FUNCTION = YES;
				GCC_WARN_UNUSED_VARIABLE = YES;
				IPHONEOS_DEPLOYMENT_TARGET = 8.3;
				MTL_ENABLE_DEBUG_INFO = YES;
				ONLY_ACTIVE_ARCH = YES;
				SDKROOT = iphoneos;
				TARGETED_DEVICE_FAMILY = "1,2";
			};
			name = Debug;
		};
		A41A63FB1ADB8391001BBC16 /* Release */ = {
			isa = XCBuildConfiguration;
			buildSettings = {
				ALWAYS_SEARCH_USER_PATHS = NO;
				CLANG_CXX_LANGUAGE_STANDARD = "gnu++0x";
				CLANG_CXX_LIBRARY = "libc++";
				CLANG_ENABLE_MODULES = YES;
				CLANG_ENABLE_OBJC_ARC = YES;
				CLANG_WARN_BOOL_CONVERSION = YES;
				CLANG_WARN_CONSTANT_CONVERSION = YES;
				CLANG_WARN_DIRECT_OBJC_ISA_USAGE = YES_ERROR;
				CLANG_WARN_EMPTY_BODY = YES;
				CLANG_WARN_ENUM_CONVERSION = YES;
				CLANG_WARN_INT_CONVERSION = YES;
				CLANG_WARN_OBJC_ROOT_CLASS = YES_ERROR;
				CLANG_WARN_UNREACHABLE_CODE = YES;
				CLANG_WARN__DUPLICATE_METHOD_MATCH = YES;
				"CODE_SIGN_IDENTITY[sdk=iphoneos*]" = "iPhone Developer";
				COPY_PHASE_STRIP = NO;
				DEBUG_INFORMATION_FORMAT = "dwarf-with-dsym";
				ENABLE_NS_ASSERTIONS = NO;
				ENABLE_STRICT_OBJC_MSGSEND = YES;
				GCC_C_LANGUAGE_STANDARD = gnu99;
				GCC_NO_COMMON_BLOCKS = YES;
				GCC_WARN_64_TO_32_BIT_CONVERSION = YES;
				GCC_WARN_ABOUT_RETURN_TYPE = YES_ERROR;
				GCC_WARN_UNDECLARED_SELECTOR = YES;
				GCC_WARN_UNINITIALIZED_AUTOS = YES_AGGRESSIVE;
				GCC_WARN_UNUSED_FUNCTION = YES;
				GCC_WARN_UNUSED_VARIABLE = YES;
				IPHONEOS_DEPLOYMENT_TARGET = 8.3;
				MTL_ENABLE_DEBUG_INFO = NO;
				SDKROOT = iphoneos;
				TARGETED_DEVICE_FAMILY = "1,2";
				VALIDATE_PRODUCT = YES;
			};
			name = Release;
		};
		A41A63FD1ADB8391001BBC16 /* Debug */ = {
			isa = XCBuildConfiguration;
			buildSettings = {
				ASSETCATALOG_COMPILER_APPICON_NAME = AppIcon;
				INFOPLIST_FILE = DownLoadFile/Info.plist;
				LD_RUNPATH_SEARCH_PATHS = "$(inherited) @executable_path/Frameworks";
				PRODUCT_NAME = "$(TARGET_NAME)";
			};
			name = Debug;
		};
		A41A63FE1ADB8391001BBC16 /* Release */ = {
			isa = XCBuildConfiguration;
			buildSettings = {
				ASSETCATALOG_COMPILER_APPICON_NAME = AppIcon;
				INFOPLIST_FILE = DownLoadFile/Info.plist;
				LD_RUNPATH_SEARCH_PATHS = "$(inherited) @executable_path/Frameworks";
				PRODUCT_NAME = "$(TARGET_NAME)";
			};
			name = Release;
		};
		A41A64001ADB8391001BBC16 /* Debug */ = {
			isa = XCBuildConfiguration;
			buildSettings = {
				BUNDLE_LOADER = "$(TEST_HOST)";
				FRAMEWORK_SEARCH_PATHS = (
					"$(SDKROOT)/Developer/Library/Frameworks",
					"$(inherited)",
				);
				GCC_PREPROCESSOR_DEFINITIONS = (
					"DEBUG=1",
					"$(inherited)",
				);
				INFOPLIST_FILE = DownLoadFileTests/Info.plist;
				LD_RUNPATH_SEARCH_PATHS = "$(inherited) @executable_path/Frameworks @loader_path/Frameworks";
				PRODUCT_NAME = "$(TARGET_NAME)";
				TEST_HOST = "$(BUILT_PRODUCTS_DIR)/DownLoadFile.app/DownLoadFile";
			};
			name = Debug;
		};
		A41A64011ADB8391001BBC16 /* Release */ = {
			isa = XCBuildConfiguration;
			buildSettings = {
				BUNDLE_LOADER = "$(TEST_HOST)";
				FRAMEWORK_SEARCH_PATHS = (
					"$(SDKROOT)/Developer/Library/Frameworks",
					"$(inherited)",
				);
				INFOPLIST_FILE = DownLoadFileTests/Info.plist;
				LD_RUNPATH_SEARCH_PATHS = "$(inherited) @executable_path/Frameworks @loader_path/Frameworks";
				PRODUCT_NAME = "$(TARGET_NAME)";
				TEST_HOST = "$(BUILT_PRODUCTS_DIR)/DownLoadFile.app/DownLoadFile";
			};
			name = Release;
		};
/* End XCBuildConfiguration section */

/* Begin XCConfigurationList section */
		A41A63D41ADB8391001BBC16 /* Build configuration list for PBXProject "DownLoadFile" */ = {
			isa = XCConfigurationList;
			buildConfigurations = (
				A41A63FA1ADB8391001BBC16 /* Debug */,
				A41A63FB1ADB8391001BBC16 /* Release */,
			);
			defaultConfigurationIsVisible = 0;
			defaultConfigurationName = Release;
		};
		A41A63FC1ADB8391001BBC16 /* Build configuration list for PBXNativeTarget "DownLoadFile" */ = {
			isa = XCConfigurationList;
			buildConfigurations = (
				A41A63FD1ADB8391001BBC16 /* Debug */,
				A41A63FE1ADB8391001BBC16 /* Release */,
			);
			defaultConfigurationIsVisible = 0;
		};
		A41A63FF1ADB8391001BBC16 /* Build configuration list for PBXNativeTarget "DownLoadFileTests" */ = {
			isa = XCConfigurationList;
			buildConfigurations = (
				A41A64001ADB8391001BBC16 /* Debug */,
				A41A64011ADB8391001BBC16 /* Release */,
			);
			defaultConfigurationIsVisible = 0;
		};
/* End XCConfigurationList section */
	};
	rootObject = A41A63D11ADB8391001BBC16 /* Project object */;
}
